
Microsoft Visual Studio Solution File, Format Version 10.00
# Visual C++ Express 2008
Project("{8BC9CEB8-8B4A-11D0-8D11-00A0C91BC942}") = "tests", "tests.vcproj", "{E16CE028-6DA8-4DB4-B158-69F223BF6701}"
EndProject
Global
	GlobalSection(SolutionConfigurationPlatforms) = preSolution
		Debug|Win32 = Debug|Win32
		Release|Win32 = Release|Win32
	EndGlobalSection
	GlobalSection(ProjectConfigurationPlatforms) = postSolution
		{E16CE028-6DA8-4DB4-B158-69F223BF6701}.Debug|Win32.ActiveCfg = Debug|Win32
		{E16CE028-6DA8-4DB4-B158-69F223BF6701}.Debug|Win32.Build.0 = Debug|Win32
		{E16CE028-6DA8-4DB4-B158-69F223BF6701}.Release|Win32.ActiveCfg = Release|Win32
		{E16CE028-6DA8-4DB4-B158-69F223BF6701}.Release|Win32.Build.0 = Release|Win32
	EndGlobalSection
	GlobalSection(SolutionProperties) = preSolution
		HideSolutionNode = FALSE
	EndGlobalSection
EndGlobal
